
Microsoft Visual Studio Solution File, Format Version 12.00
# Visual Studio Version 16
VisualStudioVersion = 16.0.32228.547
MinimumVisualStudioVersion = 10.0.40219.1
Project("{FAE04EC0-301F-11D3-BF4B-00C04F79EFBC}") = "tempapp", "tempapp\tempapp.csproj", "{95315CE7-651C-4683-91AE-C99B4A08051F}"
EndProject
Global
	GlobalSection(SolutionConfigurationPlatforms) = preSolution
		Debug|Any CPU = Debug|Any CPU
		Release|Any CPU = Release|Any CPU
	EndGlobalSection
	GlobalSection(ProjectConfigurationPlatforms) = postSolution
		{95315CE7-651C-4683-91AE-C99B4A08051F}.Debug|Any CPU.ActiveCfg = Debug|Any CPU
		{95315CE7-651C-4683-91AE-C99B4A08051F}.Debug|Any CPU.Build.0 = Debug|Any CPU
		{95315CE7-651C-4683-91AE-C99B4A08051F}.Release|Any CPU.ActiveCfg = Release|Any CPU
		{95315CE7-651C-4683-91AE-C99B4A08051F}.Release|Any CPU.Build.0 = Release|Any CPU
	EndGlobalSection
	GlobalSection(SolutionProperties) = preSolution
		HideSolutionNode = FALSE
	EndGlobalSection
	GlobalSection(ExtensibilityGlobals) = postSolution
		SolutionGuid = {AC94F1B9-4A00-412D-B818-EF52DCD5BA94}
	EndGlobalSection
EndGlobal
